
Microsoft Visual Studio Solution File, Format Version 10.00
# Visual Studio 2008
Project("{8BC9CEB8-8B4A-11D0-8D11-00A0C91BC942}") = "aCmmLib", "aCmmLib\aCmmLib.vcproj", "{1D7897B7-0110-4C88-8AF8-139B86FF685A}"
EndProject
Project("{8BC9CEB8-8B4A-11D0-8D11-00A0C91BC942}") = "Public", "Public\Public.vcproj", "{B32DC1DD-6F4C-42AB-8D88-49010FACFBF7}"
EndProject
Global
	GlobalSection(SolutionConfigurationPlatforms) = preSolution
		Debug|Win32 = Debug|Win32
		Debug|x64 = Debug|x64
		Release_JAP|Win32 = Release_JAP|Win32
		Release_JAP|x64 = Release_JAP|x64
		Release_Std|Win32 = Release_Std|Win32
		Release_Std|x64 = Release_Std|x64
		Release|Win32 = Release|Win32
		Release|x64 = Release|x64
	EndGlobalSection
	GlobalSection(ProjectConfigurationPlatforms) = postSolution
		{1D7897B7-0110-4C88-8AF8-139B86FF685A}.Debug|Win32.ActiveCfg = Debug|Win32
		{1D7897B7-0110-4C88-8AF8-139B86FF685A}.Debug|Win32.Build.0 = Debug|Win32
		{1D7897B7-0110-4C88-8AF8-139B86FF685A}.Debug|x64.ActiveCfg = Debug|Win32
		{1D7897B7-0110-4C88-8AF8-139B86FF685A}.Release_JAP|Win32.ActiveCfg = Release_JAP|Win32
		{1D7897B7-0110-4C88-8AF8-139B86FF685A}.Release_JAP|Win32.Build.0 = Release_JAP|Win32
		{1D7897B7-0110-4C88-8AF8-139B86FF685A}.Release_JAP|x64.ActiveCfg = Release_JAP|Win32
		{1D7897B7-0110-4C88-8AF8-139B86FF685A}.Release_Std|Win32.ActiveCfg = Release_Std|Win32
		{1D7897B7-0110-4C88-8AF8-139B86FF685A}.Release_Std|Win32.Build.0 = Release_Std|Win32
		{1D7897B7-0110-4C88-8AF8-139B86FF685A}.Release_Std|x64.ActiveCfg = Release_Std|Win32
		{1D7897B7-0110-4C88-8AF8-139B86FF685A}.Release|Win32.ActiveCfg = Release|Win32
		{1D7897B7-0110-4C88-8AF8-139B86FF685A}.Release|Win32.Build.0 = Release|Win32
		{1D7897B7-0110-4C88-8AF8-139B86FF685A}.Release|x64.ActiveCfg = Release|Win32
		{B32DC1DD-6F4C-42AB-8D88-49010FACFBF7}.Debug|Win32.ActiveCfg = Debug|Win32
		{B32DC1DD-6F4C-42AB-8D88-49010FACFBF7}.Debug|x64.ActiveCfg = Debug|Win32
		{B32DC1DD-6F4C-42AB-8D88-49010FACFBF7}.Release_JAP|Win32.ActiveCfg = Release|Win32
		{B32DC1DD-6F4C-42AB-8D88-49010FACFBF7}.Release_JAP|Win32.Build.0 = Release|Win32
		{B32DC1DD-6F4C-42AB-8D88-49010FACFBF7}.Release_JAP|x64.ActiveCfg = Release|Win32
		{B32DC1DD-6F4C-42AB-8D88-49010FACFBF7}.Release_Std|Win32.ActiveCfg = Release|Win32
		{B32DC1DD-6F4C-42AB-8D88-49010FACFBF7}.Release_Std|Win32.Build.0 = Release|Win32
		{B32DC1DD-6F4C-42AB-8D88-49010FACFBF7}.Release_Std|x64.ActiveCfg = Release|Win32
		{B32DC1DD-6F4C-42AB-8D88-49010FACFBF7}.Release|Win32.ActiveCfg = Release|Win32
		{B32DC1DD-6F4C-42AB-8D88-49010FACFBF7}.Release|x64.ActiveCfg = Release|Win32
	EndGlobalSection
	GlobalSection(SolutionProperties) = preSolution
		HideSolutionNode = FALSE
	EndGlobalSection
	GlobalSection(ExtensibilityGlobals) = postSolution
		QtVersion = $(DefaultQtVersion)
	EndGlobalSection
EndGlobal
