<?xml version="1.0" encoding="utf-8"?>
<Project ToolsVersion="14.0" xmlns="http://schemas.microsoft.com/developer/msbuild/2003">
  <ItemGroup>
    <Filter Include="Source Files">
      <UniqueIdentifier>8d093024-b8e0-4477-b421-8e69f27aa1a6</UniqueIdentifier>
      <Extensions>cpp;c;cxx;rc;def;r;odl;idl;hpj;bat</Extensions>
    </Filter>
    <Filter Include="Runtime Files Win32">
      <UniqueIdentifier>cd414cad-3598-49c7-b34d-61dca755e954</UniqueIdentifier>
      <Extensions>dll</Extensions>
    </Filter>
    <Filter Include="Runtime Files x64">
      <UniqueIdentifier>1a41cdb4-7e32-4f4d-acfa-5b757739481b</UniqueIdentifier>
      <Extensions>dll</Extensions>
    </Filter>
  </ItemGroup>
  <ItemGroup>
    <ClCompile Include="pdf2pdfinmemory.c">
      <Filter>Source Files</Filter>
    </ClCompile>
  </ItemGroup>
  <ItemGroup>
    <ContentWithTargetPath Include="..\..\..\bin\Win32\Pdf2PdfAPI.dll">
      <Filter>Runtime Files Win32</Filter>
    </ContentWithTargetPath>
    <ContentWithTargetPath Include="..\..\..\bin\Win32\pdfocrpluginAbbyy10.ocr">
      <Filter>Runtime Files Win32</Filter>
    </ContentWithTargetPath>
    <ContentWithTargetPath Include="..\..\..\bin\Win32\pdfocrpluginAbbyy11.ocr">
      <Filter>Runtime Files Win32</Filter>
    </ContentWithTargetPath>
    <ContentWithTargetPath Include="..\..\..\bin\Win32\pdfocrpluginAbbyy12.ocr">
      <Filter>Runtime Files Win32</Filter>
    </ContentWithTargetPath>
    <ContentWithTargetPath Include="..\..\..\bin\Win32\pdfocrpluginService.ocr">
      <Filter>Runtime Files Win32</Filter>
    </ContentWithTargetPath>

    <ContentWithTargetPath Include="..\..\..\bin\x64\Pdf2PdfAPI.dll">
      <Filter>Runtime Files x64</Filter>
    </ContentWithTargetPath>
    <ContentWithTargetPath Include="..\..\..\bin\x64\pdfocrpluginAbbyy11.ocr">
      <Filter>Runtime Files x64</Filter>
    </ContentWithTargetPath>
    <ContentWithTargetPath Include="..\..\..\bin\x64\pdfocrpluginAbbyy12.ocr">
      <Filter>Runtime Files x64</Filter>
    </ContentWithTargetPath>
    <ContentWithTargetPath Include="..\..\..\bin\x64\pdfocrpluginService.ocr">
      <Filter>Runtime Files x64</Filter>
    </ContentWithTargetPath>

  </ItemGroup>
</Project>